// !$*UTF8*$!
{
	archiveVersion = 1;
	classes = {
	};
	objectVersion = 51;
	objects = {

/* Begin PBXBuildFile section */
		3B8FADC307DCD2023BF57FC0 /* Pods_RxValidation.framework in Frameworks */ = {isa = PBXBuildFile; fileRef = D544D09033643953A10FEB70 /* Pods_RxValidation.framework */; };
		3C07E9F0537178E70BCA469F /* Pods_RxValidationUITests.framework in Frameworks */ = {isa = PBXBuildFile; fileRef = D25B0B5A74F9213BBA45280B /* Pods_RxValidationUITests.framework */; };
		4240FBDA22EDB49200487A96 /* LoginViewModel.swift in Sources */ = {isa = PBXBuildFile; fileRef = 4240FBD922EDB49200487A96 /* LoginViewModel.swift */; };
		4240FBDC22EE1B3900487A96 /* ValidationService.swift in Sources */ = {isa = PBXBuildFile; fileRef = 4240FBDB22EE1B3900487A96 /* ValidationService.swift */; };
		4240FBE022EE20D000487A96 /* Rx+Extension.swift in Sources */ = {isa = PBXBuildFile; fileRef = 4240FBDF22EE20D000487A96 /* Rx+Extension.swift */; };
		4242746622EB6A4A00560F88 /* AppDelegate.swift in Sources */ = {isa = PBXBuildFile; fileRef = 4242746522EB6A4A00560F88 /* AppDelegate.swift */; };
		4242746822EB6A4A00560F88 /* ViewController.swift in Sources */ = {isa = PBXBuildFile; fileRef = 4242746722EB6A4A00560F88 /* ViewController.swift */; };
		4242746B22EB6A4A00560F88 /* Main.storyboard in Resources */ = {isa = PBXBuildFile; fileRef = 4242746922EB6A4A00560F88 /* Main.storyboard */; };
		4242746D22EB6A4B00560F88 /* Assets.xcassets in Resources */ = {isa = PBXBuildFile; fileRef = 4242746C22EB6A4B00560F88 /* Assets.xcassets */; };
		4242747022EB6A4B00560F88 /* LaunchScreen.storyboard in Resources */ = {isa = PBXBuildFile; fileRef = 4242746E22EB6A4B00560F88 /* LaunchScreen.storyboard */; };
		4242747B22EB6A4C00560F88 /* RxValidationTests.swift in Sources */ = {isa = PBXBuildFile; fileRef = 4242747A22EB6A4C00560F88 /* RxValidationTests.swift */; };
		4242748622EB6A4C00560F88 /* RxValidationUITests.swift in Sources */ = {isa = PBXBuildFile; fileRef = 4242748522EB6A4C00560F88 /* RxValidationUITests.swift */; };
		4CA61C262DAA848E58F9B2D8 /* Pods_RxValidationTests.framework in Frameworks */ = {isa = PBXBuildFile; fileRef = 9A2F89AF74E45F4729B07872 /* Pods_RxValidationTests.framework */; };
/* End PBXBuildFile section */

/* Begin PBXContainerItemProxy section */
		4242747722EB6A4C00560F88 /* PBXContainerItemProxy */ = {
			isa = PBXContainerItemProxy;
			containerPortal = 4242745A22EB6A4A00560F88 /* Project object */;
			proxyType = 1;
			remoteGlobalIDString = 4242746122EB6A4A00560F88;
			remoteInfo = RxValidation;
		};
		4242748222EB6A4C00560F88 /* PBXContainerItemProxy */ = {
			isa = PBXContainerItemProxy;
			containerPortal = 4242745A22EB6A4A00560F88 /* Project object */;
			proxyType = 1;
			remoteGlobalIDString = 4242746122EB6A4A00560F88;
			remoteInfo = RxValidation;
		};
/* End PBXContainerItemProxy section */

/* Begin PBXFileReference section */
		4240FBD922EDB49200487A96 /* LoginViewModel.swift */ = {isa = PBXFileReference; lastKnownFileType = sourcecode.swift; path = LoginViewModel.swift; sourceTree = "<group>"; };
		4240FBDB22EE1B3900487A96 /* ValidationService.swift */ = {isa = PBXFileReference; lastKnownFileType = sourcecode.swift; path = ValidationService.swift; sourceTree = "<group>"; };
		4240FBDF22EE20D000487A96 /* Rx+Extension.swift */ = {isa = PBXFileReference; lastKnownFileType = sourcecode.swift; path = "Rx+Extension.swift"; sourceTree = "<group>"; };
		4242746222EB6A4A00560F88 /* RxValidation.app */ = {isa = PBXFileReference; explicitFileType = wrapper.application; includeInIndex = 0; path = RxValidation.app; sourceTree = BUILT_PRODUCTS_DIR; };
		4242746522EB6A4A00560F88 /* AppDelegate.swift */ = {isa = PBXFileReference; lastKnownFileType = sourcecode.swift; path = AppDelegate.swift; sourceTree = "<group>"; };
		4242746722EB6A4A00560F88 /* ViewController.swift */ = {isa = PBXFileReference; lastKnownFileType = sourcecode.swift; path = ViewController.swift; sourceTree = "<group>"; };
		4242746A22EB6A4A00560F88 /* Base */ = {isa = PBXFileReference; lastKnownFileType = file.storyboard; name = Base; path = Base.lproj/Main.storyboard; sourceTree = "<group>"; };
		4242746C22EB6A4B00560F88 /* Assets.xcassets */ = {isa = PBXFileReference; lastKnownFileType = folder.assetcatalog; path = Assets.xcassets; sourceTree = "<group>"; };
		4242746F22EB6A4B00560F88 /* Base */ = {isa = PBXFileReference; lastKnownFileType = file.storyboard; name = Base; path = Base.lproj/LaunchScreen.storyboard; sourceTree = "<group>"; };
		4242747122EB6A4B00560F88 /* Info.plist */ = {isa = PBXFileReference; lastKnownFileType = text.plist.xml; path = Info.plist; sourceTree = "<group>"; };
		4242747622EB6A4C00560F88 /* RxValidationTests.xctest */ = {isa = PBXFileReference; explicitFileType = wrapper.cfbundle; includeInIndex = 0; path = RxValidationTests.xctest; sourceTree = BUILT_PRODUCTS_DIR; };
		4242747A22EB6A4C00560F88 /* RxValidationTests.swift */ = {isa = PBXFileReference; lastKnownFileType = sourcecode.swift; path = RxValidationTests.swift; sourceTree = "<group>"; };
		4242747C22EB6A4C00560F88 /* Info.plist */ = {isa = PBXFileReference; lastKnownFileType = text.plist.xml; path = Info.plist; sourceTree = "<group>"; };
		4242748122EB6A4C00560F88 /* RxValidationUITests.xctest */ = {isa = PBXFileReference; explicitFileType = wrapper.cfbundle; includeInIndex = 0; path = RxValidationUITests.xctest; sourceTree = BUILT_PRODUCTS_DIR; };
		4242748522EB6A4C00560F88 /* RxValidationUITests.swift */ = {isa = PBXFileReference; lastKnownFileType = sourcecode.swift; path = RxValidationUITests.swift; sourceTree = "<group>"; };
		4242748722EB6A4C00560F88 /* Info.plist */ = {isa = PBXFileReference; lastKnownFileType = text.plist.xml; path = Info.plist; sourceTree = "<group>"; };
		4242749322EB6B1000560F88 /* RxCocoa.framework */ = {isa = PBXFileReference; explicitFileType = wrapper.framework; path = RxCocoa.framework; sourceTree = BUILT_PRODUCTS_DIR; };
		4242749522EB6B1000560F88 /* RxRelay.framework */ = {isa = PBXFileReference; explicitFileType = wrapper.framework; path = RxRelay.framework; sourceTree = BUILT_PRODUCTS_DIR; };
		4242749722EB6B1000560F88 /* RxSwift.framework */ = {isa = PBXFileReference; explicitFileType = wrapper.framework; path = RxSwift.framework; sourceTree = BUILT_PRODUCTS_DIR; };
		4AE082BCF3B2F2EE55EC4434 /* Pods-RxValidationUITests.debug.xcconfig */ = {isa = PBXFileReference; includeInIndex = 1; lastKnownFileType = text.xcconfig; name = "Pods-RxValidationUITests.debug.xcconfig"; path = "Target Support Files/Pods-RxValidationUITests/Pods-RxValidationUITests.debug.xcconfig"; sourceTree = "<group>"; };
		4D8A5E7A07FBB1B53424EE30 /* Pods-RxValidation.release.xcconfig */ = {isa = PBXFileReference; includeInIndex = 1; lastKnownFileType = text.xcconfig; name = "Pods-RxValidation.release.xcconfig"; path = "Target Support Files/Pods-RxValidation/Pods-RxValidation.release.xcconfig"; sourceTree = "<group>"; };
		63AE112C644DE58963AC9CF5 /* Pods-RxValidationUITests.release.xcconfig */ = {isa = PBXFileReference; includeInIndex = 1; lastKnownFileType = text.xcconfig; name = "Pods-RxValidationUITests.release.xcconfig"; path = "Target Support Files/Pods-RxValidationUITests/Pods-RxValidationUITests.release.xcconfig"; sourceTree = "<group>"; };
		698C5FD36BD17F9395AE4F01 /* Pods-RxValidationTests.debug.xcconfig */ = {isa = PBXFileReference; includeInIndex = 1; lastKnownFileType = text.xcconfig; name = "Pods-RxValidationTests.debug.xcconfig"; path = "Target Support Files/Pods-RxValidationTests/Pods-RxValidationTests.debug.xcconfig"; sourceTree = "<group>"; };
		767ED58B08B89631CB54CDDA /* Pods-RxValidation.debug.xcconfig */ = {isa = PBXFileReference; includeInIndex = 1; lastKnownFileType = text.xcconfig; name = "Pods-RxValidation.debug.xcconfig"; path = "Target Support Files/Pods-RxValidation/Pods-RxValidation.debug.xcconfig"; sourceTree = "<group>"; };
		9A2F89AF74E45F4729B07872 /* Pods_RxValidationTests.framework */ = {isa = PBXFileReference; explicitFileType = wrapper.framework; includeInIndex = 0; path = Pods_RxValidationTests.framework; sourceTree = BUILT_PRODUCTS_DIR; };
		CA11F7EBE1798BB629182C3B /* Pods-RxValidationTests.release.xcconfig */ = {isa = PBXFileReference; includeInIndex = 1; lastKnownFileType = text.xcconfig; name = "Pods-RxValidationTests.release.xcconfig"; path = "Target Support Files/Pods-RxValidationTests/Pods-RxValidationTests.release.xcconfig"; sourceTree = "<group>"; };
		D25B0B5A74F9213BBA45280B /* Pods_RxValidationUITests.framework */ = {isa = PBXFileReference; explicitFileType = wrapper.framework; includeInIndex = 0; path = Pods_RxValidationUITests.framework; sourceTree = BUILT_PRODUCTS_DIR; };
		D544D09033643953A10FEB70 /* Pods_RxValidation.framework */ = {isa = PBXFileReference; explicitFileType = wrapper.framework; includeInIndex = 0; path = Pods_RxValidation.framework; sourceTree = BUILT_PRODUCTS_DIR; };
/* End PBXFileReference section */

/* Begin PBXFrameworksBuildPhase section */
		4242745F22EB6A4A00560F88 /* Frameworks */ = {
			isa = PBXFrameworksBuildPhase;
			buildActionMask = 2147483647;
			files = (
				3B8FADC307DCD2023BF57FC0 /* Pods_RxValidation.framework in Frameworks */,
			);
			runOnlyForDeploymentPostprocessing = 0;
		};
		4242747322EB6A4C00560F88 /* Frameworks */ = {
			isa = PBXFrameworksBuildPhase;
			buildActionMask = 2147483647;
			files = (
				4CA61C262DAA848E58F9B2D8 /* Pods_RxValidationTests.framework in Frameworks */,
			);
			runOnlyForDeploymentPostprocessing = 0;
		};
		4242747E22EB6A4C00560F88 /* Frameworks */ = {
			isa = PBXFrameworksBuildPhase;
			buildActionMask = 2147483647;
			files = (
				3C07E9F0537178E70BCA469F /* Pods_RxValidationUITests.framework in Frameworks */,
			);
			runOnlyForDeploymentPostprocessing = 0;
		};
/* End PBXFrameworksBuildPhase section */

/* Begin PBXGroup section */
		0A876246B14BD26A446236BC /* Frameworks */ = {
			isa = PBXGroup;
			children = (
				4242749322EB6B1000560F88 /* RxCocoa.framework */,
				4242749522EB6B1000560F88 /* RxRelay.framework */,
				4242749722EB6B1000560F88 /* RxSwift.framework */,
				D544D09033643953A10FEB70 /* Pods_RxValidation.framework */,
				9A2F89AF74E45F4729B07872 /* Pods_RxValidationTests.framework */,
				D25B0B5A74F9213BBA45280B /* Pods_RxValidationUITests.framework */,
			);
			name = Frameworks;
			sourceTree = "<group>";
		};
		4242745922EB6A4A00560F88 = {
			isa = PBXGroup;
			children = (
				4242746422EB6A4A00560F88 /* RxValidation */,
				4242747922EB6A4C00560F88 /* RxValidationTests */,
				4242748422EB6A4C00560F88 /* RxValidationUITests */,
				4242746322EB6A4A00560F88 /* Products */,
				9BDC147A47F5E3957D5AAED7 /* Pods */,
				0A876246B14BD26A446236BC /* Frameworks */,
			);
			sourceTree = "<group>";
		};
		4242746322EB6A4A00560F88 /* Products */ = {
			isa = PBXGroup;
			children = (
				4242746222EB6A4A00560F88 /* RxValidation.app */,
				4242747622EB6A4C00560F88 /* RxValidationTests.xctest */,
				4242748122EB6A4C00560F88 /* RxValidationUITests.xctest */,
			);
			name = Products;
			sourceTree = "<group>";
		};
		4242746422EB6A4A00560F88 /* RxValidation */ = {
			isa = PBXGroup;
			children = (
				4242746522EB6A4A00560F88 /* AppDelegate.swift */,
				4242746722EB6A4A00560F88 /* ViewController.swift */,
				4240FBD922EDB49200487A96 /* LoginViewModel.swift */,
				4240FBDB22EE1B3900487A96 /* ValidationService.swift */,
				4240FBDF22EE20D000487A96 /* Rx+Extension.swift */,
				4242746922EB6A4A00560F88 /* Main.storyboard */,
				4242746C22EB6A4B00560F88 /* Assets.xcassets */,
				4242746E22EB6A4B00560F88 /* LaunchScreen.storyboard */,
				4242747122EB6A4B00560F88 /* Info.plist */,
			);
			path = RxValidation;
			sourceTree = "<group>";
		};
		4242747922EB6A4C00560F88 /* RxValidationTests */ = {
			isa = PBXGroup;
			children = (
				4242747A22EB6A4C00560F88 /* RxValidationTests.swift */,
				4242747C22EB6A4C00560F88 /* Info.plist */,
			);
			path = RxValidationTests;
			sourceTree = "<group>";
		};
		4242748422EB6A4C00560F88 /* RxValidationUITests */ = {
			isa = PBXGroup;
			children = (
				4242748522EB6A4C00560F88 /* RxValidationUITests.swift */,
				4242748722EB6A4C00560F88 /* Info.plist */,
			);
			path = RxValidationUITests;
			sourceTree = "<group>";
		};
		9BDC147A47F5E3957D5AAED7 /* Pods */ = {
			isa = PBXGroup;
			children = (
				767ED58B08B89631CB54CDDA /* Pods-RxValidation.debug.xcconfig */,
				4D8A5E7A07FBB1B53424EE30 /* Pods-RxValidation.release.xcconfig */,
				698C5FD36BD17F9395AE4F01 /* Pods-RxValidationTests.debug.xcconfig */,
				CA11F7EBE1798BB629182C3B /* Pods-RxValidationTests.release.xcconfig */,
				4AE082BCF3B2F2EE55EC4434 /* Pods-RxValidationUITests.debug.xcconfig */,
				63AE112C644DE58963AC9CF5 /* Pods-RxValidationUITests.release.xcconfig */,
			);
			path = Pods;
			sourceTree = "<group>";
		};
/* End PBXGroup section */

/* Begin PBXNativeTarget section */
		4242746122EB6A4A00560F88 /* RxValidation */ = {
			isa = PBXNativeTarget;
			buildConfigurationList = 4242748A22EB6A4C00560F88 /* Build configuration list for PBXNativeTarget "RxValidation" */;
			buildPhases = (
				F092E33E8AD5DD26D921E57C /* [CP] Check Pods Manifest.lock */,
				4242745E22EB6A4A00560F88 /* Sources */,
				4242745F22EB6A4A00560F88 /* Frameworks */,
				4242746022EB6A4A00560F88 /* Resources */,
				9AD5EC9AF9346934317CA97E /* [CP] Embed Pods Frameworks */,
			);
			buildRules = (
			);
			dependencies = (
			);
			name = RxValidation;
			productName = RxValidation;
			productReference = 4242746222EB6A4A00560F88 /* RxValidation.app */;
			productType = "com.apple.product-type.application";
		};
		4242747522EB6A4C00560F88 /* RxValidationTests */ = {
			isa = PBXNativeTarget;
			buildConfigurationList = 4242748D22EB6A4C00560F88 /* Build configuration list for PBXNativeTarget "RxValidationTests" */;
			buildPhases = (
				20C2156E07439D68B1F8DF7A /* [CP] Check Pods Manifest.lock */,
				4242747222EB6A4C00560F88 /* Sources */,
				4242747322EB6A4C00560F88 /* Frameworks */,
				4242747422EB6A4C00560F88 /* Resources */,
			);
			buildRules = (
			);
			dependencies = (
				4242747822EB6A4C00560F88 /* PBXTargetDependency */,
			);
			name = RxValidationTests;
			productName = RxValidationTests;
			productReference = 4242747622EB6A4C00560F88 /* RxValidationTests.xctest */;
			productType = "com.apple.product-type.bundle.unit-test";
		};
		4242748022EB6A4C00560F88 /* RxValidationUITests */ = {
			isa = PBXNativeTarget;
			buildConfigurationList = 4242749022EB6A4C00560F88 /* Build configuration list for PBXNativeTarget "RxValidationUITests" */;
			buildPhases = (
				F2294EAB59A5E36B2F8313FD /* [CP] Check Pods Manifest.lock */,
				4242747D22EB6A4C00560F88 /* Sources */,
				4242747E22EB6A4C00560F88 /* Frameworks */,
				4242747F22EB6A4C00560F88 /* Resources */,
			);
			buildRules = (
			);
			dependencies = (
				4242748322EB6A4C00560F88 /* PBXTargetDependency */,
			);
			name = RxValidationUITests;
			productName = RxValidationUITests;
			productReference = 4242748122EB6A4C00560F88 /* RxValidationUITests.xctest */;
			productType = "com.apple.product-type.bundle.ui-testing";
		};
/* End PBXNativeTarget section */

/* Begin PBXProject section */
		4242745A22EB6A4A00560F88 /* Project object */ = {
			isa = PBXProject;
			attributes = {
				LastSwiftUpdateCheck = 1020;
				LastUpgradeCheck = 1020;
				ORGANIZATIONNAME = Mohsin;
				TargetAttributes = {
					4242746122EB6A4A00560F88 = {
						CreatedOnToolsVersion = 10.2.1;
					};
					4242747522EB6A4C00560F88 = {
						CreatedOnToolsVersion = 10.2.1;
						TestTargetID = 4242746122EB6A4A00560F88;
					};
					4242748022EB6A4C00560F88 = {
						CreatedOnToolsVersion = 10.2.1;
						TestTargetID = 4242746122EB6A4A00560F88;
					};
				};
			};
			buildConfigurationList = 4242745D22EB6A4A00560F88 /* Build configuration list for PBXProject "RxValidation" */;
			compatibilityVersion = "Xcode 9.3";
			developmentRegion = en;
			hasScannedForEncodings = 0;
			knownRegions = (
				en,
				Base,
			);
			mainGroup = 4242745922EB6A4A00560F88;
			productRefGroup = 4242746322EB6A4A00560F88 /* Products */;
			projectDirPath = "";
			projectRoot = "";
			targets = (
				4242746122EB6A4A00560F88 /* RxValidation */,
				4242747522EB6A4C00560F88 /* RxValidationTests */,
				4242748022EB6A4C00560F88 /* RxValidationUITests */,
			);
		};
/* End PBXProject section */

/* Begin PBXResourcesBuildPhase section */
		4242746022EB6A4A00560F88 /* Resources */ = {
			isa = PBXResourcesBuildPhase;
			buildActionMask = 2147483647;
			files = (
				4242747022EB6A4B00560F88 /* LaunchScreen.storyboard in Resources */,
				4242746D22EB6A4B00560F88 /* Assets.xcassets in Resources */,
				4242746B22EB6A4A00560F88 /* Main.storyboard in Resources */,
			);
			runOnlyForDeploymentPostprocessing = 0;
		};
		4242747422EB6A4C00560F88 /* Resources */ = {
			isa = PBXResourcesBuildPhase;
			buildActionMask = 2147483647;
			files = (
			);
			runOnlyForDeploymentPostprocessing = 0;
		};
		4242747F22EB6A4C00560F88 /* Resources */ = {
			isa = PBXResourcesBuildPhase;
			buildActionMask = 2147483647;
			files = (
			);
			runOnlyForDeploymentPostprocessing = 0;
		};
/* End PBXResourcesBuildPhase section */

/* Begin PBXShellScriptBuildPhase section */
		20C2156E07439D68B1F8DF7A /* [CP] Check Pods Manifest.lock */ = {
			isa = PBXShellScriptBuildPhase;
			buildActionMask = 2147483647;
			files = (
			);
			inputFileListPaths = (
			);
			inputPaths = (
				"${PODS_PODFILE_DIR_PATH}/Podfile.lock",
				"${PODS_ROOT}/Manifest.lock",
			);
			name = "[CP] Check Pods Manifest.lock";
			outputFileListPaths = (
			);
			outputPaths = (
				"$(DERIVED_FILE_DIR)/Pods-RxValidationTests-checkManifestLockResult.txt",
			);
			runOnlyForDeploymentPostprocessing = 0;
			shellPath = /bin/sh;
			shellScript = "diff \"${PODS_PODFILE_DIR_PATH}/Podfile.lock\" \"${PODS_ROOT}/Manifest.lock\" > /dev/null\nif [ $? != 0 ] ; then\n    # print error to STDERR\n    echo \"error: The sandbox is not in sync with the Podfile.lock. Run 'pod install' or update your CocoaPods installation.\" >&2\n    exit 1\nfi\n# This output is used by Xcode 'outputs' to avoid re-running this script phase.\necho \"SUCCESS\" > \"${SCRIPT_OUTPUT_FILE_0}\"\n";
			showEnvVarsInLog = 0;
		};
		9AD5EC9AF9346934317CA97E /* [CP] Embed Pods Frameworks */ = {
			isa = PBXShellScriptBuildPhase;
			buildActionMask = 2147483647;
			files = (
			);
			inputFileListPaths = (
				"${PODS_ROOT}/Target Support Files/Pods-RxValidation/Pods-RxValidation-frameworks-${CONFIGURATION}-input-files.xcfilelist",
			);
			name = "[CP] Embed Pods Frameworks";
			outputFileListPaths = (
				"${PODS_ROOT}/Target Support Files/Pods-RxValidation/Pods-RxValidation-frameworks-${CONFIGURATION}-output-files.xcfilelist",
			);
			runOnlyForDeploymentPostprocessing = 0;
			shellPath = /bin/sh;
			shellScript = "\"${PODS_ROOT}/Target Support Files/Pods-RxValidation/Pods-RxValidation-frameworks.sh\"\n";
			showEnvVarsInLog = 0;
		};
		F092E33E8AD5DD26D921E57C /* [CP] Check Pods Manifest.lock */ = {
			isa = PBXShellScriptBuildPhase;
			buildActionMask = 2147483647;
			files = (
			);
			inputFileListPaths = (
			);
			inputPaths = (
				"${PODS_PODFILE_DIR_PATH}/Podfile.lock",
				"${PODS_ROOT}/Manifest.lock",
			);
			name = "[CP] Check Pods Manifest.lock";
			outputFileListPaths = (
			);
			outputPaths = (
				"$(DERIVED_FILE_DIR)/Pods-RxValidation-checkManifestLockResult.txt",
			);
			runOnlyForDeploymentPostprocessing = 0;
			shellPath = /bin/sh;
			shellScript = "diff \"${PODS_PODFILE_DIR_PATH}/Podfile.lock\" \"${PODS_ROOT}/Manifest.lock\" > /dev/null\nif [ $? != 0 ] ; then\n    # print error to STDERR\n    echo \"error: The sandbox is not in sync with the Podfile.lock. Run 'pod install' or update your CocoaPods installation.\" >&2\n    exit 1\nfi\n# This output is used by Xcode 'outputs' to avoid re-running this script phase.\necho \"SUCCESS\" > \"${SCRIPT_OUTPUT_FILE_0}\"\n";
			showEnvVarsInLog = 0;
		};
		F2294EAB59A5E36B2F8313FD /* [CP] Check Pods Manifest.lock */ = {
			isa = PBXShellScriptBuildPhase;
			buildActionMask = 2147483647;
			files = (
			);
			inputFileListPaths = (
			);
			inputPaths = (
				"${PODS_PODFILE_DIR_PATH}/Podfile.lock",
				"${PODS_ROOT}/Manifest.lock",
			);
			name = "[CP] Check Pods Manifest.lock";
			outputFileListPaths = (
			);
			outputPaths = (
				"$(DERIVED_FILE_DIR)/Pods-RxValidationUITests-checkManifestLockResult.txt",
			);
			runOnlyForDeploymentPostprocessing = 0;
			shellPath = /bin/sh;
			shellScript = "diff \"${PODS_PODFILE_DIR_PATH}/Podfile.lock\" \"${PODS_ROOT}/Manifest.lock\" > /dev/null\nif [ $? != 0 ] ; then\n    # print error to STDERR\n    echo \"error: The sandbox is not in sync with the Podfile.lock. Run 'pod install' or update your CocoaPods installation.\" >&2\n    exit 1\nfi\n# This output is used by Xcode 'outputs' to avoid re-running this script phase.\necho \"SUCCESS\" > \"${SCRIPT_OUTPUT_FILE_0}\"\n";
			showEnvVarsInLog = 0;
		};
/* End PBXShellScriptBuildPhase section */

/* Begin PBXSourcesBuildPhase section */
		4242745E22EB6A4A00560F88 /* Sources */ = {
			isa = PBXSourcesBuildPhase;
			buildActionMask = 2147483647;
			files = (
				4240FBDA22EDB49200487A96 /* LoginViewModel.swift in Sources */,
				4242746822EB6A4A00560F88 /* ViewController.swift in Sources */,
				4240FBDC22EE1B3900487A96 /* ValidationService.swift in Sources */,
				4240FBE022EE20D000487A96 /* Rx+Extension.swift in Sources */,
				4242746622EB6A4A00560F88 /* AppDelegate.swift in Sources */,
			);
			runOnlyForDeploymentPostprocessing = 0;
		};
		4242747222EB6A4C00560F88 /* Sources */ = {
			isa = PBXSourcesBuildPhase;
			buildActionMask = 2147483647;
			files = (
				4242747B22EB6A4C00560F88 /* RxValidationTests.swift in Sources */,
			);
			runOnlyForDeploymentPostprocessing = 0;
		};
		4242747D22EB6A4C00560F88 /* Sources */ = {
			isa = PBXSourcesBuildPhase;
			buildActionMask = 2147483647;
			files = (
				4242748622EB6A4C00560F88 /* RxValidationUITests.swift in Sources */,
			);
			runOnlyForDeploymentPostprocessing = 0;
		};
/* End PBXSourcesBuildPhase section */

/* Begin PBXTargetDependency section */
		4242747822EB6A4C00560F88 /* PBXTargetDependency */ = {
			isa = PBXTargetDependency;
			target = 4242746122EB6A4A00560F88 /* RxValidation */;
			targetProxy = 4242747722EB6A4C00560F88 /* PBXContainerItemProxy */;
		};
		4242748322EB6A4C00560F88 /* PBXTargetDependency */ = {
			isa = PBXTargetDependency;
			target = 4242746122EB6A4A00560F88 /* RxValidation */;
			targetProxy = 4242748222EB6A4C00560F88 /* PBXContainerItemProxy */;
		};
/* End PBXTargetDependency section */

/* Begin PBXVariantGroup section */
		4242746922EB6A4A00560F88 /* Main.storyboard */ = {
			isa = PBXVariantGroup;
			children = (
				4242746A22EB6A4A00560F88 /* Base */,
			);
			name = Main.storyboard;
			sourceTree = "<group>";
		};
		4242746E22EB6A4B00560F88 /* LaunchScreen.storyboard */ = {
			isa = PBXVariantGroup;
			children = (
				4242746F22EB6A4B00560F88 /* Base */,
			);
			name = LaunchScreen.storyboard;
			sourceTree = "<group>";
		};
/* End PBXVariantGroup section */

/* Begin XCBuildConfiguration section */
		4242748822EB6A4C00560F88 /* Debug */ = {
			isa = XCBuildConfiguration;
			buildSettings = {
				ALWAYS_SEARCH_USER_PATHS = NO;
				CLANG_ANALYZER_NONNULL = YES;
				CLANG_ANALYZER_NUMBER_OBJECT_CONVERSION = YES_AGGRESSIVE;
				CLANG_CXX_LANGUAGE_STANDARD = "gnu++14";
				CLANG_CXX_LIBRARY = "libc++";
				CLANG_ENABLE_MODULES = YES;
				CLANG_ENABLE_OBJC_ARC = YES;
				CLANG_ENABLE_OBJC_WEAK = YES;
				CLANG_WARN_BLOCK_CAPTURE_AUTORELEASING = YES;
				CLANG_WARN_BOOL_CONVERSION = YES;
				CLANG_WARN_COMMA = YES;
				CLANG_WARN_CONSTANT_CONVERSION = YES;
				CLANG_WARN_DEPRECATED_OBJC_IMPLEMENTATIONS = YES;
				CLANG_WARN_DIRECT_OBJC_ISA_USAGE = YES_ERROR;
				CLANG_WARN_DOCUMENTATION_COMMENTS = YES;
				CLANG_WARN_EMPTY_BODY = YES;
				CLANG_WARN_ENUM_CONVERSION = YES;
				CLANG_WARN_INFINITE_RECURSION = YES;
				CLANG_WARN_INT_CONVERSION = YES;
				CLANG_WARN_NON_LITERAL_NULL_CONVERSION = YES;
				CLANG_WARN_OBJC_IMPLICIT_RETAIN_SELF = YES;
				CLANG_WARN_OBJC_LITERAL_CONVERSION = YES;
				CLANG_WARN_OBJC_ROOT_CLASS = YES_ERROR;
				CLANG_WARN_RANGE_LOOP_ANALYSIS = YES;
				CLANG_WARN_STRICT_PROTOTYPES = YES;
				CLANG_WARN_SUSPICIOUS_MOVE = YES;
				CLANG_WARN_UNGUARDED_AVAILABILITY = YES_AGGRESSIVE;
				CLANG_WARN_UNREACHABLE_CODE = YES;
				CLANG_WARN__DUPLICATE_METHOD_MATCH = YES;
				CODE_SIGN_IDENTITY = "iPhone Developer";
				COPY_PHASE_STRIP = NO;
				DEBUG_INFORMATION_FORMAT = dwarf;
				ENABLE_STRICT_OBJC_MSGSEND = YES;
				ENABLE_TESTABILITY = YES;
				GCC_C_LANGUAGE_STANDARD = gnu11;
				GCC_DYNAMIC_NO_PIC = NO;
				GCC_NO_COMMON_BLOCKS = YES;
				GCC_OPTIMIZATION_LEVEL = 0;
				GCC_PREPROCESSOR_DEFINITIONS = (
					"DEBUG=1",
					"$(inherited)",
				);
				GCC_WARN_64_TO_32_BIT_CONVERSION = YES;
				GCC_WARN_ABOUT_RETURN_TYPE = YES_ERROR;
				GCC_WARN_UNDECLARED_SELECTOR = YES;
				GCC_WARN_UNINITIALIZED_AUTOS = YES_AGGRESSIVE;
				GCC_WARN_UNUSED_FUNCTION = YES;
				GCC_WARN_UNUSED_VARIABLE = YES;
				IPHONEOS_DEPLOYMENT_TARGET = 12.2;
				MTL_ENABLE_DEBUG_INFO = INCLUDE_SOURCE;
				MTL_FAST_MATH = YES;
				ONLY_ACTIVE_ARCH = YES;
				SDKROOT = iphoneos;
				SWIFT_ACTIVE_COMPILATION_CONDITIONS = DEBUG;
				SWIFT_OPTIMIZATION_LEVEL = "-Onone";
			};
			name = Debug;
		};
		4242748922EB6A4C00560F88 /* Release */ = {
			isa = XCBuildConfiguration;
			buildSettings = {
				ALWAYS_SEARCH_USER_PATHS = NO;
				CLANG_ANALYZER_NONNULL = YES;
				CLANG_ANALYZER_NUMBER_OBJECT_CONVERSION = YES_AGGRESSIVE;
				CLANG_CXX_LANGUAGE_STANDARD = "gnu++14";
				CLANG_CXX_LIBRARY = "libc++";
				CLANG_ENABLE_MODULES = YES;
				CLANG_ENABLE_OBJC_ARC = YES;
				CLANG_ENABLE_OBJC_WEAK = YES;
				CLANG_WARN_BLOCK_CAPTURE_AUTORELEASING = YES;
				CLANG_WARN_BOOL_CONVERSION = YES;
				CLANG_WARN_COMMA = YES;
				CLANG_WARN_CONSTANT_CONVERSION = YES;
				CLANG_WARN_DEPRECATED_OBJC_IMPLEMENTATIONS = YES;
				CLANG_WARN_DIRECT_OBJC_ISA_USAGE = YES_ERROR;
				CLANG_WARN_DOCUMENTATION_COMMENTS = YES;
				CLANG_WARN_EMPTY_BODY = YES;
				CLANG_WARN_ENUM_CONVERSION = YES;
				CLANG_WARN_INFINITE_RECURSION = YES;
				CLANG_WARN_INT_CONVERSION = YES;
				CLANG_WARN_NON_LITERAL_NULL_CONVERSION = YES;
				CLANG_WARN_OBJC_IMPLICIT_RETAIN_SELF = YES;
				CLANG_WARN_OBJC_LITERAL_CONVERSION = YES;
				CLANG_WARN_OBJC_ROOT_CLASS = YES_ERROR;
				CLANG_WARN_RANGE_LOOP_ANALYSIS = YES;
				CLANG_WARN_STRICT_PROTOTYPES = YES;
				CLANG_WARN_SUSPICIOUS_MOVE = YES;
				CLANG_WARN_UNGUARDED_AVAILABILITY = YES_AGGRESSIVE;
				CLANG_WARN_UNREACHABLE_CODE = YES;
				CLANG_WARN__DUPLICATE_METHOD_MATCH = YES;
				CODE_SIGN_IDENTITY = "iPhone Developer";
				COPY_PHASE_STRIP = NO;
				DEBUG_INFORMATION_FORMAT = "dwarf-with-dsym";
				ENABLE_NS_ASSERTIONS = NO;
				ENABLE_STRICT_OBJC_MSGSEND = YES;
				GCC_C_LANGUAGE_STANDARD = gnu11;
				GCC_NO_COMMON_BLOCKS = YES;
				GCC_WARN_64_TO_32_BIT_CONVERSION = YES;
				GCC_WARN_ABOUT_RETURN_TYPE = YES_ERROR;
				GCC_WARN_UNDECLARED_SELECTOR = YES;
				GCC_WARN_UNINITIALIZED_AUTOS = YES_AGGRESSIVE;
				GCC_WARN_UNUSED_FUNCTION = YES;
				GCC_WARN_UNUSED_VARIABLE = YES;
				IPHONEOS_DEPLOYMENT_TARGET = 12.2;
				MTL_ENABLE_DEBUG_INFO = NO;
				MTL_FAST_MATH = YES;
				SDKROOT = iphoneos;
				SWIFT_COMPILATION_MODE = wholemodule;
				SWIFT_OPTIMIZATION_LEVEL = "-O";
				VALIDATE_PRODUCT = YES;
			};
			name = Release;
		};
		4242748B22EB6A4C00560F88 /* Debug */ = {
			isa = XCBuildConfiguration;
			baseConfigurationReference = 767ED58B08B89631CB54CDDA /* Pods-RxValidation.debug.xcconfig */;
			buildSettings = {
				ASSETCATALOG_COMPILER_APPICON_NAME = AppIcon;
				CODE_SIGN_STYLE = Automatic;
				INFOPLIST_FILE = RxValidation/Info.plist;
				LD_RUNPATH_SEARCH_PATHS = (
					"$(inherited)",
					"@executable_path/Frameworks",
				);
				PRODUCT_BUNDLE_IDENTIFIER = cropin.RxValidation;
				PRODUCT_NAME = "$(TARGET_NAME)";
				SWIFT_VERSION = 5.0;
				TARGETED_DEVICE_FAMILY = "1,2";
			};
			name = Debug;
		};
		4242748C22EB6A4C00560F88 /* Release */ = {
			isa = XCBuildConfiguration;
			baseConfigurationReference = 4D8A5E7A07FBB1B53424EE30 /* Pods-RxValidation.release.xcconfig */;
			buildSettings = {
				ASSETCATALOG_COMPILER_APPICON_NAME = AppIcon;
				CODE_SIGN_STYLE = Automatic;
				INFOPLIST_FILE = RxValidation/Info.plist;
				LD_RUNPATH_SEARCH_PATHS = (
					"$(inherited)",
					"@executable_path/Frameworks",
				);
				PRODUCT_BUNDLE_IDENTIFIER = cropin.RxValidation;
				PRODUCT_NAME = "$(TARGET_NAME)";
				SWIFT_VERSION = 5.0;
				TARGETED_DEVICE_FAMILY = "1,2";
			};
			name = Release;
		};
		4242748E22EB6A4C00560F88 /* Debug */ = {
			isa = XCBuildConfiguration;
			baseConfigurationReference = 698C5FD36BD17F9395AE4F01 /* Pods-RxValidationTests.debug.xcconfig */;
			buildSettings = {
				ALWAYS_EMBED_SWIFT_STANDARD_LIBRARIES = YES;
				BUNDLE_LOADER = "$(TEST_HOST)";
				CODE_SIGN_STYLE = Automatic;
				INFOPLIST_FILE = RxValidationTests/Info.plist;
				LD_RUNPATH_SEARCH_PATHS = (
					"$(inherited)",
					"@executable_path/Frameworks",
					"@loader_path/Frameworks",
				);
				PRODUCT_BUNDLE_IDENTIFIER = cropin.RxValidationTests;
				PRODUCT_NAME = "$(TARGET_NAME)";
				SWIFT_VERSION = 5.0;
				TARGETED_DEVICE_FAMILY = "1,2";
				TEST_HOST = "$(BUILT_PRODUCTS_DIR)/RxValidation.app/RxValidation";
			};
			name = Debug;
		};
		4242748F22EB6A4C00560F88 /* Release */ = {
			isa = XCBuildConfiguration;
			baseConfigurationReference = CA11F7EBE1798BB629182C3B /* Pods-RxValidationTests.release.xcconfig */;
			buildSettings = {
				ALWAYS_EMBED_SWIFT_STANDARD_LIBRARIES = YES;
				BUNDLE_LOADER = "$(TEST_HOST)";
				CODE_SIGN_STYLE = Automatic;
				INFOPLIST_FILE = RxValidationTests/Info.plist;
				LD_RUNPATH_SEARCH_PATHS = (
					"$(inherited)",
					"@executable_path/Frameworks",
					"@loader_path/Frameworks",
				);
				PRODUCT_BUNDLE_IDENTIFIER = cropin.RxValidationTests;
				PRODUCT_NAME = "$(TARGET_NAME)";
				SWIFT_VERSION = 5.0;
				TARGETED_DEVICE_FAMILY = "1,2";
				TEST_HOST = "$(BUILT_PRODUCTS_DIR)/RxValidation.app/RxValidation";
			};
			name = Release;
		};
		4242749122EB6A4C00560F88 /* Debug */ = {
			isa = XCBuildConfiguration;
			baseConfigurationReference = 4AE082BCF3B2F2EE55EC4434 /* Pods-RxValidationUITests.debug.xcconfig */;
			buildSettings = {
				ALWAYS_EMBED_SWIFT_STANDARD_LIBRARIES = YES;
				CODE_SIGN_STYLE = Automatic;
				INFOPLIST_FILE = RxValidationUITests/Info.plist;
				LD_RUNPATH_SEARCH_PATHS = (
					"$(inherited)",
					"@executable_path/Frameworks",
					"@loader_path/Frameworks",
				);
				PRODUCT_BUNDLE_IDENTIFIER = cropin.RxValidationUITests;
				PRODUCT_NAME = "$(TARGET_NAME)";
				SWIFT_VERSION = 5.0;
				TARGETED_DEVICE_FAMILY = "1,2";
				TEST_TARGET_NAME = RxValidation;
			};
			name = Debug;
		};
		4242749222EB6A4C00560F88 /* Release */ = {
			isa = XCBuildConfiguration;
			baseConfigurationReference = 63AE112C644DE58963AC9CF5 /* Pods-RxValidationUITests.release.xcconfig */;
			buildSettings = {
				ALWAYS_EMBED_SWIFT_STANDARD_LIBRARIES = YES;
				CODE_SIGN_STYLE = Automatic;
				INFOPLIST_FILE = RxValidationUITests/Info.plist;
				LD_RUNPATH_SEARCH_PATHS = (
					"$(inherited)",
					"@executable_path/Frameworks",
					"@loader_path/Frameworks",
				);
				PRODUCT_BUNDLE_IDENTIFIER = cropin.RxValidationUITests;
				PRODUCT_NAME = "$(TARGET_NAME)";
				SWIFT_VERSION = 5.0;
				TARGETED_DEVICE_FAMILY = "1,2";
				TEST_TARGET_NAME = RxValidation;
			};
			name = Release;
		};
/* End XCBuildConfiguration section */

/* Begin XCConfigurationList section */
		4242745D22EB6A4A00560F88 /* Build configuration list for PBXProject "RxValidation" */ = {
			isa = XCConfigurationList;
			buildConfigurations = (
				4242748822EB6A4C00560F88 /* Debug */,
				4242748922EB6A4C00560F88 /* Release */,
			);
			defaultConfigurationIsVisible = 0;
			defaultConfigurationName = Release;
		};
		4242748A22EB6A4C00560F88 /* Build configuration list for PBXNativeTarget "RxValidation" */ = {
			isa = XCConfigurationList;
			buildConfigurations = (
				4242748B22EB6A4C00560F88 /* Debug */,
				4242748C22EB6A4C00560F88 /* Release */,
			);
			defaultConfigurationIsVisible = 0;
			defaultConfigurationName = Release;
		};
		4242748D22EB6A4C00560F88 /* Build configuration list for PBXNativeTarget "RxValidationTests" */ = {
			isa = XCConfigurationList;
			buildConfigurations = (
				4242748E22EB6A4C00560F88 /* Debug */,
				4242748F22EB6A4C00560F88 /* Release */,
			);
			defaultConfigurationIsVisible = 0;
			defaultConfigurationName = Release;
		};
		4242749022EB6A4C00560F88 /* Build configuration list for PBXNativeTarget "RxValidationUITests" */ = {
			isa = XCConfigurationList;
			buildConfigurations = (
				4242749122EB6A4C00560F88 /* Debug */,
				4242749222EB6A4C00560F88 /* Release */,
			);
			defaultConfigurationIsVisible = 0;
			defaultConfigurationName = Release;
		};
/* End XCConfigurationList section */
	};
	rootObject = 4242745A22EB6A4A00560F88 /* Project object */;
}
